// !$*UTF8*$!
{
	archiveVersion = 1;
	classes = {
	};
	objectVersion = 50;
	objects = {

/* Begin PBXBuildFile section */
		954D41CE25E6B556002FCE73 /* testingSwiftUIApp.swift in Sources */ = {isa = PBXBuildFile; fileRef = 954D41CD25E6B556002FCE73 /* testingSwiftUIApp.swift */; };
		954D41D025E6B556002FCE73 /* ContentView.swift in Sources */ = {isa = PBXBuildFile; fileRef = 954D41CF25E6B556002FCE73 /* ContentView.swift */; };
		954D41D225E6B557002FCE73 /* Assets.xcassets in Resources */ = {isa = PBXBuildFile; fileRef = 954D41D125E6B557002FCE73 /* Assets.xcassets */; };
		954D41D525E6B557002FCE73 /* Preview Assets.xcassets in Resources */ = {isa = PBXBuildFile; fileRef = 954D41D425E6B557002FCE73 /* Preview Assets.xcassets */; };
		954D41E025E6B557002FCE73 /* testingSwiftUITests.swift in Sources */ = {isa = PBXBuildFile; fileRef = 954D41DF25E6B557002FCE73 /* testingSwiftUITests.swift */; };
		954D41EB25E6B557002FCE73 /* testingSwiftUIUITests.swift in Sources */ = {isa = PBXBuildFile; fileRef = 954D41EA25E6B557002FCE73 /* testingSwiftUIUITests.swift */; };
/* End PBXBuildFile section */

/* Begin PBXContainerItemProxy section */
		954D41DC25E6B557002FCE73 /* PBXContainerItemProxy */ = {
			isa = PBXContainerItemProxy;
			containerPortal = 954D41C225E6B556002FCE73 /* Project object */;
			proxyType = 1;
			remoteGlobalIDString = 954D41C925E6B556002FCE73;
			remoteInfo = testingSwiftUI;
		};
		954D41E725E6B557002FCE73 /* PBXContainerItemProxy */ = {
			isa = PBXContainerItemProxy;
			containerPortal = 954D41C225E6B556002FCE73 /* Project object */;
			proxyType = 1;
			remoteGlobalIDString = 954D41C925E6B556002FCE73;
			remoteInfo = testingSwiftUI;
		};
/* End PBXContainerItemProxy section */

/* Begin PBXFileReference section */
		954D41CA25E6B556002FCE73 /* testingSwiftUI.app */ = {isa = PBXFileReference; explicitFileType = wrapper.application; includeInIndex = 0; path = testingSwiftUI.app; sourceTree = BUILT_PRODUCTS_DIR; };
		954D41CD25E6B556002FCE73 /* testingSwiftUIApp.swift */ = {isa = PBXFileReference; lastKnownFileType = sourcecode.swift; path = testingSwiftUIApp.swift; sourceTree = "<group>"; };
		954D41CF25E6B556002FCE73 /* ContentView.swift */ = {isa = PBXFileReference; lastKnownFileType = sourcecode.swift; path = ContentView.swift; sourceTree = "<group>"; };
		954D41D125E6B557002FCE73 /* Assets.xcassets */ = {isa = PBXFileReference; lastKnownFileType = folder.assetcatalog; path = Assets.xcassets; sourceTree = "<group>"; };
		954D41D425E6B557002FCE73 /* Preview Assets.xcassets */ = {isa = PBXFileReference; lastKnownFileType = folder.assetcatalog; path = "Preview Assets.xcassets"; sourceTree = "<group>"; };
		954D41D625E6B557002FCE73 /* Info.plist */ = {isa = PBXFileReference; lastKnownFileType = text.plist.xml; path = Info.plist; sourceTree = "<group>"; };
		954D41DB25E6B557002FCE73 /* testingSwiftUITests.xctest */ = {isa = PBXFileReference; explicitFileType = wrapper.cfbundle; includeInIndex = 0; path = testingSwiftUITests.xctest; sourceTree = BUILT_PRODUCTS_DIR; };
		954D41DF25E6B557002FCE73 /* testingSwiftUITests.swift */ = {isa = PBXFileReference; lastKnownFileType = sourcecode.swift; path = testingSwiftUITests.swift; sourceTree = "<group>"; };
		954D41E125E6B557002FCE73 /* Info.plist */ = {isa = PBXFileReference; lastKnownFileType = text.plist.xml; path = Info.plist; sourceTree = "<group>"; };
		954D41E625E6B557002FCE73 /* testingSwiftUIUITests.xctest */ = {isa = PBXFileReference; explicitFileType = wrapper.cfbundle; includeInIndex = 0; path = testingSwiftUIUITests.xctest; sourceTree = BUILT_PRODUCTS_DIR; };
		954D41EA25E6B557002FCE73 /* testingSwiftUIUITests.swift */ = {isa = PBXFileReference; lastKnownFileType = sourcecode.swift; path = testingSwiftUIUITests.swift; sourceTree = "<group>"; };
		954D41EC25E6B557002FCE73 /* Info.plist */ = {isa = PBXFileReference; lastKnownFileType = text.plist.xml; path = Info.plist; sourceTree = "<group>"; };
/* End PBXFileReference section */

/* Begin PBXFrameworksBuildPhase section */
		954D41C725E6B556002FCE73 /* Frameworks */ = {
			isa = PBXFrameworksBuildPhase;
			buildActionMask = 2147483647;
			files = (
			);
			runOnlyForDeploymentPostprocessing = 0;
		};
		954D41D825E6B557002FCE73 /* Frameworks */ = {
			isa = PBXFrameworksBuildPhase;
			buildActionMask = 2147483647;
			files = (
			);
			runOnlyForDeploymentPostprocessing = 0;
		};
		954D41E325E6B557002FCE73 /* Frameworks */ = {
			isa = PBXFrameworksBuildPhase;
			buildActionMask = 2147483647;
			files = (
			);
			runOnlyForDeploymentPostprocessing = 0;
		};
/* End PBXFrameworksBuildPhase section */

/* Begin PBXGroup section */
		954D41C125E6B556002FCE73 = {
			isa = PBXGroup;
			children = (
				954D41CC25E6B556002FCE73 /* testingSwiftUI */,
				954D41DE25E6B557002FCE73 /* testingSwiftUITests */,
				954D41E925E6B557002FCE73 /* testingSwiftUIUITests */,
				954D41CB25E6B556002FCE73 /* Products */,
			);
			sourceTree = "<group>";
		};
		954D41CB25E6B556002FCE73 /* Products */ = {
			isa = PBXGroup;
			children = (
				954D41CA25E6B556002FCE73 /* testingSwiftUI.app */,
				954D41DB25E6B557002FCE73 /* testingSwiftUITests.xctest */,
				954D41E625E6B557002FCE73 /* testingSwiftUIUITests.xctest */,
			);
			name = Products;
			sourceTree = "<group>";
		};
		954D41CC25E6B556002FCE73 /* testingSwiftUI */ = {
			isa = PBXGroup;
			children = (
				954D41CD25E6B556002FCE73 /* testingSwiftUIApp.swift */,
				954D41CF25E6B556002FCE73 /* ContentView.swift */,
				954D41D125E6B557002FCE73 /* Assets.xcassets */,
				954D41D625E6B557002FCE73 /* Info.plist */,
				954D41D325E6B557002FCE73 /* Preview Content */,
			);
			path = testingSwiftUI;
			sourceTree = "<group>";
		};
		954D41D325E6B557002FCE73 /* Preview Content */ = {
			isa = PBXGroup;
			children = (
				954D41D425E6B557002FCE73 /* Preview Assets.xcassets */,
			);
			path = "Preview Content";
			sourceTree = "<group>";
		};
		954D41DE25E6B557002FCE73 /* testingSwiftUITests */ = {
			isa = PBXGroup;
			children = (
				954D41DF25E6B557002FCE73 /* testingSwiftUITests.swift */,
				954D41E125E6B557002FCE73 /* Info.plist */,
			);
			path = testingSwiftUITests;
			sourceTree = "<group>";
		};
		954D41E925E6B557002FCE73 /* testingSwiftUIUITests */ = {
			isa = PBXGroup;
			children = (
				954D41EA25E6B557002FCE73 /* testingSwiftUIUITests.swift */,
				954D41EC25E6B557002FCE73 /* Info.plist */,
			);
			path = testingSwiftUIUITests;
			sourceTree = "<group>";
		};
/* End PBXGroup section */

/* Begin PBXNativeTarget section */
		954D41C925E6B556002FCE73 /* testingSwiftUI */ = {
			isa = PBXNativeTarget;
			buildConfigurationList = 954D41EF25E6B557002FCE73 /* Build configuration list for PBXNativeTarget "testingSwiftUI" */;
			buildPhases = (
				954D41C625E6B556002FCE73 /* Sources */,
				954D41C725E6B556002FCE73 /* Frameworks */,
				954D41C825E6B556002FCE73 /* Resources */,
			);
			buildRules = (
			);
			dependencies = (
			);
			name = testingSwiftUI;
			productName = testingSwiftUI;
			productReference = 954D41CA25E6B556002FCE73 /* testingSwiftUI.app */;
			productType = "com.apple.product-type.application";
		};
		954D41DA25E6B557002FCE73 /* testingSwiftUITests */ = {
			isa = PBXNativeTarget;
			buildConfigurationList = 954D41F225E6B557002FCE73 /* Build configuration list for PBXNativeTarget "testingSwiftUITests" */;
			buildPhases = (
				954D41D725E6B557002FCE73 /* Sources */,
				954D41D825E6B557002FCE73 /* Frameworks */,
				954D41D925E6B557002FCE73 /* Resources */,
			);
			buildRules = (
			);
			dependencies = (
				954D41DD25E6B557002FCE73 /* PBXTargetDependency */,
			);
			name = testingSwiftUITests;
			productName = testingSwiftUITests;
			productReference = 954D41DB25E6B557002FCE73 /* testingSwiftUITests.xctest */;
			productType = "com.apple.product-type.bundle.unit-test";
		};
		954D41E525E6B557002FCE73 /* testingSwiftUIUITests */ = {
			isa = PBXNativeTarget;
			buildConfigurationList = 954D41F525E6B557002FCE73 /* Build configuration list for PBXNativeTarget "testingSwiftUIUITests" */;
			buildPhases = (
				954D41E225E6B557002FCE73 /* Sources */,
				954D41E325E6B557002FCE73 /* Frameworks */,
				954D41E425E6B557002FCE73 /* Resources */,
			);
			buildRules = (
			);
			dependencies = (
				954D41E825E6B557002FCE73 /* PBXTargetDependency */,
			);
			name = testingSwiftUIUITests;
			productName = testingSwiftUIUITests;
			productReference = 954D41E625E6B557002FCE73 /* testingSwiftUIUITests.xctest */;
			productType = "com.apple.product-type.bundle.ui-testing";
		};
/* End PBXNativeTarget section */

/* Begin PBXProject section */
		954D41C225E6B556002FCE73 /* Project object */ = {
			isa = PBXProject;
			attributes = {
				LastSwiftUpdateCheck = 1240;
				LastUpgradeCheck = 1240;
				TargetAttributes = {
					954D41C925E6B556002FCE73 = {
						CreatedOnToolsVersion = 12.4;
					};
					954D41DA25E6B557002FCE73 = {
						CreatedOnToolsVersion = 12.4;
						TestTargetID = 954D41C925E6B556002FCE73;
					};
					954D41E525E6B557002FCE73 = {
						CreatedOnToolsVersion = 12.4;
						TestTargetID = 954D41C925E6B556002FCE73;
					};
				};
			};
			buildConfigurationList = 954D41C525E6B556002FCE73 /* Build configuration list for PBXProject "testingSwiftUI" */;
			compatibilityVersion = "Xcode 9.3";
			developmentRegion = en;
			hasScannedForEncodings = 0;
			knownRegions = (
				en,
				Base,
			);
			mainGroup = 954D41C125E6B556002FCE73;
			productRefGroup = 954D41CB25E6B556002FCE73 /* Products */;
			projectDirPath = "";
			projectRoot = "";
			targets = (
				954D41C925E6B556002FCE73 /* testingSwiftUI */,
				954D41DA25E6B557002FCE73 /* testingSwiftUITests */,
				954D41E525E6B557002FCE73 /* testingSwiftUIUITests */,
			);
		};
/* End PBXProject section */

/* Begin PBXResourcesBuildPhase section */
		954D41C825E6B556002FCE73 /* Resources */ = {
			isa = PBXResourcesBuildPhase;
			buildActionMask = 2147483647;
			files = (
				954D41D525E6B557002FCE73 /* Preview Assets.xcassets in Resources */,
				954D41D225E6B557002FCE73 /* Assets.xcassets in Resources */,
			);
			runOnlyForDeploymentPostprocessing = 0;
		};
		954D41D925E6B557002FCE73 /* Resources */ = {
			isa = PBXResourcesBuildPhase;
			buildActionMask = 2147483647;
			files = (
			);
			runOnlyForDeploymentPostprocessing = 0;
		};
		954D41E425E6B557002FCE73 /* Resources */ = {
			isa = PBXResourcesBuildPhase;
			buildActionMask = 2147483647;
			files = (
			);
			runOnlyForDeploymentPostprocessing = 0;
		};
/* End PBXResourcesBuildPhase section */

/* Begin PBXSourcesBuildPhase section */
		954D41C625E6B556002FCE73 /* Sources */ = {
			isa = PBXSourcesBuildPhase;
			buildActionMask = 2147483647;
			files = (
				954D41D025E6B556002FCE73 /* ContentView.swift in Sources */,
				954D41CE25E6B556002FCE73 /* testingSwiftUIApp.swift in Sources */,
			);
			runOnlyForDeploymentPostprocessing = 0;
		};
		954D41D725E6B557002FCE73 /* Sources */ = {
			isa = PBXSourcesBuildPhase;
			buildActionMask = 2147483647;
			files = (
				954D41E025E6B557002FCE73 /* testingSwiftUITests.swift in Sources */,
			);
			runOnlyForDeploymentPostprocessing = 0;
		};
		954D41E225E6B557002FCE73 /* Sources */ = {
			isa = PBXSourcesBuildPhase;
			buildActionMask = 2147483647;
			files = (
				954D41EB25E6B557002FCE73 /* testingSwiftUIUITests.swift in Sources */,
			);
			runOnlyForDeploymentPostprocessing = 0;
		};
/* End PBXSourcesBuildPhase section */

/* Begin PBXTargetDependency section */
		954D41DD25E6B557002FCE73 /* PBXTargetDependency */ = {
			isa = PBXTargetDependency;
			target = 954D41C925E6B556002FCE73 /* testingSwiftUI */;
			targetProxy = 954D41DC25E6B557002FCE73 /* PBXContainerItemProxy */;
		};
		954D41E825E6B557002FCE73 /* PBXTargetDependency */ = {
			isa = PBXTargetDependency;
			target = 954D41C925E6B556002FCE73 /* testingSwiftUI */;
			targetProxy = 954D41E725E6B557002FCE73 /* PBXContainerItemProxy */;
		};
/* End PBXTargetDependency section */

/* Begin XCBuildConfiguration section */
		954D41ED25E6B557002FCE73 /* Debug */ = {
			isa = XCBuildConfiguration;
			buildSettings = {
				ALWAYS_SEARCH_USER_PATHS = NO;
				CLANG_ANALYZER_NONNULL = YES;
				CLANG_ANALYZER_NUMBER_OBJECT_CONVERSION = YES_AGGRESSIVE;
				CLANG_CXX_LANGUAGE_STANDARD = "gnu++14";
				CLANG_CXX_LIBRARY = "libc++";
				CLANG_ENABLE_MODULES = YES;
				CLANG_ENABLE_OBJC_ARC = YES;
				CLANG_ENABLE_OBJC_WEAK = YES;
				CLANG_WARN_BLOCK_CAPTURE_AUTORELEASING = YES;
				CLANG_WARN_BOOL_CONVERSION = YES;
				CLANG_WARN_COMMA = YES;
				CLANG_WARN_CONSTANT_CONVERSION = YES;
				CLANG_WARN_DEPRECATED_OBJC_IMPLEMENTATIONS = YES;
				CLANG_WARN_DIRECT_OBJC_ISA_USAGE = YES_ERROR;
				CLANG_WARN_DOCUMENTATION_COMMENTS = YES;
				CLANG_WARN_EMPTY_BODY = YES;
				CLANG_WARN_ENUM_CONVERSION = YES;
				CLANG_WARN_INFINITE_RECURSION = YES;
				CLANG_WARN_INT_CONVERSION = YES;
				CLANG_WARN_NON_LITERAL_NULL_CONVERSION = YES;
				CLANG_WARN_OBJC_IMPLICIT_RETAIN_SELF = YES;
				CLANG_WARN_OBJC_LITERAL_CONVERSION = YES;
				CLANG_WARN_OBJC_ROOT_CLASS = YES_ERROR;
				CLANG_WARN_QUOTED_INCLUDE_IN_FRAMEWORK_HEADER = YES;
				CLANG_WARN_RANGE_LOOP_ANALYSIS = YES;
				CLANG_WARN_STRICT_PROTOTYPES = YES;
				CLANG_WARN_SUSPICIOUS_MOVE = YES;
				CLANG_WARN_UNGUARDED_AVAILABILITY = YES_AGGRESSIVE;
				CLANG_WARN_UNREACHABLE_CODE = YES;
				CLANG_WARN__DUPLICATE_METHOD_MATCH = YES;
				COPY_PHASE_STRIP = NO;
				DEBUG_INFORMATION_FORMAT = dwarf;
				ENABLE_STRICT_OBJC_MSGSEND = YES;
				ENABLE_TESTABILITY = YES;
				GCC_C_LANGUAGE_STANDARD = gnu11;
				GCC_DYNAMIC_NO_PIC = NO;
				GCC_NO_COMMON_BLOCKS = YES;
				GCC_OPTIMIZATION_LEVEL = 0;
				GCC_PREPROCESSOR_DEFINITIONS = (
					"DEBUG=1",
					"$(inherited)",
				);
				GCC_WARN_64_TO_32_BIT_CONVERSION = YES;
				GCC_WARN_ABOUT_RETURN_TYPE = YES_ERROR;
				GCC_WARN_UNDECLARED_SELECTOR = YES;
				GCC_WARN_UNINITIALIZED_AUTOS = YES_AGGRESSIVE;
				GCC_WARN_UNUSED_FUNCTION = YES;
				GCC_WARN_UNUSED_VARIABLE = YES;
				IPHONEOS_DEPLOYMENT_TARGET = 14.4;
				MTL_ENABLE_DEBUG_INFO = INCLUDE_SOURCE;
				MTL_FAST_MATH = YES;
				ONLY_ACTIVE_ARCH = YES;
				SDKROOT = iphoneos;
				SWIFT_ACTIVE_COMPILATION_CONDITIONS = DEBUG;
				SWIFT_OPTIMIZATION_LEVEL = "-Onone";
			};
			name = Debug;
		};
		954D41EE25E6B557002FCE73 /* Release */ = {
			isa = XCBuildConfiguration;
			buildSettings = {
				ALWAYS_SEARCH_USER_PATHS = NO;
				CLANG_ANALYZER_NONNULL = YES;
				CLANG_ANALYZER_NUMBER_OBJECT_CONVERSION = YES_AGGRESSIVE;
				CLANG_CXX_LANGUAGE_STANDARD = "gnu++14";
				CLANG_CXX_LIBRARY = "libc++";
				CLANG_ENABLE_MODULES = YES;
				CLANG_ENABLE_OBJC_ARC = YES;
				CLANG_ENABLE_OBJC_WEAK = YES;
				CLANG_WARN_BLOCK_CAPTURE_AUTORELEASING = YES;
				CLANG_WARN_BOOL_CONVERSION = YES;
				CLANG_WARN_COMMA = YES;
				CLANG_WARN_CONSTANT_CONVERSION = YES;
				CLANG_WARN_DEPRECATED_OBJC_IMPLEMENTATIONS = YES;
				CLANG_WARN_DIRECT_OBJC_ISA_USAGE = YES_ERROR;
				CLANG_WARN_DOCUMENTATION_COMMENTS = YES;
				CLANG_WARN_EMPTY_BODY = YES;
				CLANG_WARN_ENUM_CONVERSION = YES;
				CLANG_WARN_INFINITE_RECURSION = YES;
				CLANG_WARN_INT_CONVERSION = YES;
				CLANG_WARN_NON_LITERAL_NULL_CONVERSION = YES;
				CLANG_WARN_OBJC_IMPLICIT_RETAIN_SELF = YES;
				CLANG_WARN_OBJC_LITERAL_CONVERSION = YES;
				CLANG_WARN_OBJC_ROOT_CLASS = YES_ERROR;
				CLANG_WARN_QUOTED_INCLUDE_IN_FRAMEWORK_HEADER = YES;
				CLANG_WARN_RANGE_LOOP_ANALYSIS = YES;
				CLANG_WARN_STRICT_PROTOTYPES = YES;
				CLANG_WARN_SUSPICIOUS_MOVE = YES;
				CLANG_WARN_UNGUARDED_AVAILABILITY = YES_AGGRESSIVE;
				CLANG_WARN_UNREACHABLE_CODE = YES;
				CLANG_WARN__DUPLICATE_METHOD_MATCH = YES;
				COPY_PHASE_STRIP = NO;
				DEBUG_INFORMATION_FORMAT = "dwarf-with-dsym";
				ENABLE_NS_ASSERTIONS = NO;
				ENABLE_STRICT_OBJC_MSGSEND = YES;
				GCC_C_LANGUAGE_STANDARD = gnu11;
				GCC_NO_COMMON_BLOCKS = YES;
				GCC_WARN_64_TO_32_BIT_CONVERSION = YES;
				GCC_WARN_ABOUT_RETURN_TYPE = YES_ERROR;
				GCC_WARN_UNDECLARED_SELECTOR = YES;
				GCC_WARN_UNINITIALIZED_AUTOS = YES_AGGRESSIVE;
				GCC_WARN_UNUSED_FUNCTION = YES;
				GCC_WARN_UNUSED_VARIABLE = YES;
				IPHONEOS_DEPLOYMENT_TARGET = 14.4;
				MTL_ENABLE_DEBUG_INFO = NO;
				MTL_FAST_MATH = YES;
				SDKROOT = iphoneos;
				SWIFT_COMPILATION_MODE = wholemodule;
				SWIFT_OPTIMIZATION_LEVEL = "-O";
				VALIDATE_PRODUCT = YES;
			};
			name = Release;
		};
		954D41F025E6B557002FCE73 /* Debug */ = {
			isa = XCBuildConfiguration;
			buildSettings = {
				ASSETCATALOG_COMPILER_APPICON_NAME = AppIcon;
				ASSETCATALOG_COMPILER_GLOBAL_ACCENT_COLOR_NAME = AccentColor;
				CODE_SIGN_STYLE = Automatic;
				DEVELOPMENT_ASSET_PATHS = "\"testingSwiftUI/Preview Content\"";
				DEVELOPMENT_TEAM = 88XZ66H4CV;
				ENABLE_PREVIEWS = YES;
				INFOPLIST_FILE = testingSwiftUI/Info.plist;
				IPHONEOS_DEPLOYMENT_TARGET = 14.0;
				LD_RUNPATH_SEARCH_PATHS = (
					"$(inherited)",
					"@executable_path/Frameworks",
				);
				PRODUCT_BUNDLE_IDENTIFIER = me.dev.testingSwiftUI;
				PRODUCT_NAME = "$(TARGET_NAME)";
				SWIFT_VERSION = 5.0;
				TARGETED_DEVICE_FAMILY = "1,2";
			};
			name = Debug;
		};
		954D41F125E6B557002FCE73 /* Release */ = {
			isa = XCBuildConfiguration;
			buildSettings = {
				ASSETCATALOG_COMPILER_APPICON_NAME = AppIcon;
				ASSETCATALOG_COMPILER_GLOBAL_ACCENT_COLOR_NAME = AccentColor;
				CODE_SIGN_STYLE = Automatic;
				DEVELOPMENT_ASSET_PATHS = "\"testingSwiftUI/Preview Content\"";
				DEVELOPMENT_TEAM = 88XZ66H4CV;
				ENABLE_PREVIEWS = YES;
				INFOPLIST_FILE = testingSwiftUI/Info.plist;
				IPHONEOS_DEPLOYMENT_TARGET = 14.0;
				LD_RUNPATH_SEARCH_PATHS = (
					"$(inherited)",
					"@executable_path/Frameworks",
				);
				PRODUCT_BUNDLE_IDENTIFIER = me.dev.testingSwiftUI;
				PRODUCT_NAME = "$(TARGET_NAME)";
				SWIFT_VERSION = 5.0;
				TARGETED_DEVICE_FAMILY = "1,2";
			};
			name = Release;
		};
		954D41F325E6B557002FCE73 /* Debug */ = {
			isa = XCBuildConfiguration;
			buildSettings = {
				ALWAYS_EMBED_SWIFT_STANDARD_LIBRARIES = YES;
				BUNDLE_LOADER = "$(TEST_HOST)";
				CODE_SIGN_STYLE = Automatic;
				DEVELOPMENT_TEAM = 88XZ66H4CV;
				INFOPLIST_FILE = testingSwiftUITests/Info.plist;
				IPHONEOS_DEPLOYMENT_TARGET = 14.0;
				LD_RUNPATH_SEARCH_PATHS = (
					"$(inherited)",
					"@executable_path/Frameworks",
					"@loader_path/Frameworks",
				);
				PRODUCT_BUNDLE_IDENTIFIER = me.dev.testingSwiftUITests;
				PRODUCT_NAME = "$(TARGET_NAME)";
				SWIFT_VERSION = 5.0;
				TARGETED_DEVICE_FAMILY = "1,2";
				TEST_HOST = "$(BUILT_PRODUCTS_DIR)/testingSwiftUI.app/testingSwiftUI";
			};
			name = Debug;
		};
		954D41F425E6B557002FCE73 /* Release */ = {
			isa = XCBuildConfiguration;
			buildSettings = {
				ALWAYS_EMBED_SWIFT_STANDARD_LIBRARIES = YES;
				BUNDLE_LOADER = "$(TEST_HOST)";
				CODE_SIGN_STYLE = Automatic;
				DEVELOPMENT_TEAM = 88XZ66H4CV;
				INFOPLIST_FILE = testingSwiftUITests/Info.plist;
				IPHONEOS_DEPLOYMENT_TARGET = 14.0;
				LD_RUNPATH_SEARCH_PATHS = (
					"$(inherited)",
					"@executable_path/Frameworks",
					"@loader_path/Frameworks",
				);
				PRODUCT_BUNDLE_IDENTIFIER = me.dev.testingSwiftUITests;
				PRODUCT_NAME = "$(TARGET_NAME)";
				SWIFT_VERSION = 5.0;
				TARGETED_DEVICE_FAMILY = "1,2";
				TEST_HOST = "$(BUILT_PRODUCTS_DIR)/testingSwiftUI.app/testingSwiftUI";
			};
			name = Release;
		};
		954D41F625E6B557002FCE73 /* Debug */ = {
			isa = XCBuildConfiguration;
			buildSettings = {
				ALWAYS_EMBED_SWIFT_STANDARD_LIBRARIES = YES;
				CODE_SIGN_STYLE = Automatic;
				DEVELOPMENT_TEAM = 88XZ66H4CV;
				INFOPLIST_FILE = testingSwiftUIUITests/Info.plist;
				LD_RUNPATH_SEARCH_PATHS = (
					"$(inherited)",
					"@executable_path/Frameworks",
					"@loader_path/Frameworks",
				);
				PRODUCT_BUNDLE_IDENTIFIER = me.dev.testingSwiftUIUITests;
				PRODUCT_NAME = "$(TARGET_NAME)";
				SWIFT_VERSION = 5.0;
				TARGETED_DEVICE_FAMILY = "1,2";
				TEST_TARGET_NAME = testingSwiftUI;
			};
			name = Debug;
		};
		954D41F725E6B557002FCE73 /* Release */ = {
			isa = XCBuildConfiguration;
			buildSettings = {
				ALWAYS_EMBED_SWIFT_STANDARD_LIBRARIES = YES;
				CODE_SIGN_STYLE = Automatic;
				DEVELOPMENT_TEAM = 88XZ66H4CV;
				INFOPLIST_FILE = testingSwiftUIUITests/Info.plist;
				LD_RUNPATH_SEARCH_PATHS = (
					"$(inherited)",
					"@executable_path/Frameworks",
					"@loader_path/Frameworks",
				);
				PRODUCT_BUNDLE_IDENTIFIER = me.dev.testingSwiftUIUITests;
				PRODUCT_NAME = "$(TARGET_NAME)";
				SWIFT_VERSION = 5.0;
				TARGETED_DEVICE_FAMILY = "1,2";
				TEST_TARGET_NAME = testingSwiftUI;
			};
			name = Release;
		};
/* End XCBuildConfiguration section */

/* Begin XCConfigurationList section */
		954D41C525E6B556002FCE73 /* Build configuration list for PBXProject "testingSwiftUI" */ = {
			isa = XCConfigurationList;
			buildConfigurations = (
				954D41ED25E6B557002FCE73 /* Debug */,
				954D41EE25E6B557002FCE73 /* Release */,
			);
			defaultConfigurationIsVisible = 0;
			defaultConfigurationName = Release;
		};
		954D41EF25E6B557002FCE73 /* Build configuration list for PBXNativeTarget "testingSwiftUI" */ = {
			isa = XCConfigurationList;
			buildConfigurations = (
				954D41F025E6B557002FCE73 /* Debug */,
				954D41F125E6B557002FCE73 /* Release */,
			);
			defaultConfigurationIsVisible = 0;
			defaultConfigurationName = Release;
		};
		954D41F225E6B557002FCE73 /* Build configuration list for PBXNativeTarget "testingSwiftUITests" */ = {
			isa = XCConfigurationList;
			buildConfigurations = (
				954D41F325E6B557002FCE73 /* Debug */,
				954D41F425E6B557002FCE73 /* Release */,
			);
			defaultConfigurationIsVisible = 0;
			defaultConfigurationName = Release;
		};
		954D41F525E6B557002FCE73 /* Build configuration list for PBXNativeTarget "testingSwiftUIUITests" */ = {
			isa = XCConfigurationList;
			buildConfigurations = (
				954D41F625E6B557002FCE73 /* Debug */,
				954D41F725E6B557002FCE73 /* Release */,
			);
			defaultConfigurationIsVisible = 0;
			defaultConfigurationName = Release;
		};
/* End XCConfigurationList section */
	};
	rootObject = 954D41C225E6B556002FCE73 /* Project object */;
}
